
Microsoft Visual Studio Solution File, Format Version 12.00
# Visual Studio Version 17
VisualStudioVersion = 17.8.34330.188
MinimumVisualStudioVersion = 10.0.40219.1
Project("{9A19103F-16F7-4668-BE54-9A1E7A4F7556}") = "TimeManager.Server", "TimeManager\TimeManager.Server.csproj", "{2818227C-7853-4EB2-BD08-8DDFFED95D4A}"
EndProject
Project("{9A19103F-16F7-4668-BE54-9A1E7A4F7556}") = "TimeManager.Components", "TimeManager.Components\TimeManager.Components.csproj", "{F94CC58F-3437-489F-B1BE-7CD3449B6CE5}"
EndProject
Project("{FAE04EC0-301F-11D3-BF4B-00C04F79EFBC}") = "TimeManager.Data", "TimeManager.Data\TimeManager.Data.csproj", "{46B019F6-8D63-4CC0-B97A-501C9E87E89B}"
EndProject
Global
	GlobalSection(SolutionConfigurationPlatforms) = preSolution
		Debug|Any CPU = Debug|Any CPU
		Release|Any CPU = Release|Any CPU
	EndGlobalSection
	GlobalSection(ProjectConfigurationPlatforms) = postSolution
		{2818227C-7853-4EB2-BD08-8DDFFED95D4A}.Debug|Any CPU.ActiveCfg = Debug|Any CPU
		{2818227C-7853-4EB2-BD08-8DDFFED95D4A}.Debug|Any CPU.Build.0 = Debug|Any CPU
		{2818227C-7853-4EB2-BD08-8DDFFED95D4A}.Release|Any CPU.ActiveCfg = Release|Any CPU
		{2818227C-7853-4EB2-BD08-8DDFFED95D4A}.Release|Any CPU.Build.0 = Release|Any CPU
		{F94CC58F-3437-489F-B1BE-7CD3449B6CE5}.Debug|Any CPU.ActiveCfg = Debug|Any CPU
		{F94CC58F-3437-489F-B1BE-7CD3449B6CE5}.Debug|Any CPU.Build.0 = Debug|Any CPU
		{F94CC58F-3437-489F-B1BE-7CD3449B6CE5}.Release|Any CPU.ActiveCfg = Release|Any CPU
		{F94CC58F-3437-489F-B1BE-7CD3449B6CE5}.Release|Any CPU.Build.0 = Release|Any CPU
		{46B019F6-8D63-4CC0-B97A-501C9E87E89B}.Debug|Any CPU.ActiveCfg = Debug|Any CPU
		{46B019F6-8D63-4CC0-B97A-501C9E87E89B}.Debug|Any CPU.Build.0 = Debug|Any CPU
		{46B019F6-8D63-4CC0-B97A-501C9E87E89B}.Release|Any CPU.ActiveCfg = Release|Any CPU
		{46B019F6-8D63-4CC0-B97A-501C9E87E89B}.Release|Any CPU.Build.0 = Release|Any CPU
	EndGlobalSection
	GlobalSection(SolutionProperties) = preSolution
		HideSolutionNode = FALSE
	EndGlobalSection
	GlobalSection(ExtensibilityGlobals) = postSolution
		SolutionGuid = {51D89F4C-6FCD-454A-93C2-F23E2B1646F7}
	EndGlobalSection
EndGlobal
