
Microsoft Visual Studio Solution File, Format Version 12.00
# Visual Studio Version 17
VisualStudioVersion = 17.8.34511.84
MinimumVisualStudioVersion = 10.0.40219.1
Project("{9A19103F-16F7-4668-BE54-9A1E7A4F7556}") = "TimeManager.Domain", "TimeManager.Domain\TimeManager.Domain.csproj", "{B9A21271-0DAA-4C5D-B84B-3CFFD94E8458}"
EndProject
Project("{9A19103F-16F7-4668-BE54-9A1E7A4F7556}") = "TimeManager.Server", "TimeManager.Server\TimeManager.Server.csproj", "{42F4ACC2-5D57-4D7E-B2CD-139427B57E6D}"
EndProject
Project("{9A19103F-16F7-4668-BE54-9A1E7A4F7556}") = "TimeManager.WebAPI", "TimeManager.WebAPI\TimeManager.WebAPI.csproj", "{77DB149D-D66C-49F0-9693-BFDD229C29CC}"
EndProject
Project("{9A19103F-16F7-4668-BE54-9A1E7A4F7556}") = "TimeManager.WebUI", "TimeManager.WebUI\TimeManager.WebUI.csproj", "{856E3F4A-F8BA-42A6-97AA-EE828052F3A5}"
EndProject
Global
	GlobalSection(SolutionConfigurationPlatforms) = preSolution
		Debug|Any CPU = Debug|Any CPU
		Release|Any CPU = Release|Any CPU
	EndGlobalSection
	GlobalSection(ProjectConfigurationPlatforms) = postSolution
		{B9A21271-0DAA-4C5D-B84B-3CFFD94E8458}.Debug|Any CPU.ActiveCfg = Debug|Any CPU
		{B9A21271-0DAA-4C5D-B84B-3CFFD94E8458}.Debug|Any CPU.Build.0 = Debug|Any CPU
		{B9A21271-0DAA-4C5D-B84B-3CFFD94E8458}.Release|Any CPU.ActiveCfg = Release|Any CPU
		{B9A21271-0DAA-4C5D-B84B-3CFFD94E8458}.Release|Any CPU.Build.0 = Release|Any CPU
		{42F4ACC2-5D57-4D7E-B2CD-139427B57E6D}.Debug|Any CPU.ActiveCfg = Debug|Any CPU
		{42F4ACC2-5D57-4D7E-B2CD-139427B57E6D}.Debug|Any CPU.Build.0 = Debug|Any CPU
		{42F4ACC2-5D57-4D7E-B2CD-139427B57E6D}.Release|Any CPU.ActiveCfg = Release|Any CPU
		{42F4ACC2-5D57-4D7E-B2CD-139427B57E6D}.Release|Any CPU.Build.0 = Release|Any CPU
		{77DB149D-D66C-49F0-9693-BFDD229C29CC}.Debug|Any CPU.ActiveCfg = Debug|Any CPU
		{77DB149D-D66C-49F0-9693-BFDD229C29CC}.Debug|Any CPU.Build.0 = Debug|Any CPU
		{77DB149D-D66C-49F0-9693-BFDD229C29CC}.Release|Any CPU.ActiveCfg = Release|Any CPU
		{77DB149D-D66C-49F0-9693-BFDD229C29CC}.Release|Any CPU.Build.0 = Release|Any CPU
		{856E3F4A-F8BA-42A6-97AA-EE828052F3A5}.Debug|Any CPU.ActiveCfg = Debug|Any CPU
		{856E3F4A-F8BA-42A6-97AA-EE828052F3A5}.Debug|Any CPU.Build.0 = Debug|Any CPU
		{856E3F4A-F8BA-42A6-97AA-EE828052F3A5}.Release|Any CPU.ActiveCfg = Release|Any CPU
		{856E3F4A-F8BA-42A6-97AA-EE828052F3A5}.Release|Any CPU.Build.0 = Release|Any CPU
	EndGlobalSection
	GlobalSection(SolutionProperties) = preSolution
		HideSolutionNode = FALSE
	EndGlobalSection
	GlobalSection(ExtensibilityGlobals) = postSolution
		SolutionGuid = {CC7448FD-E123-4EAA-BB09-50009AF190AB}
	EndGlobalSection
EndGlobal
